
Microsoft Visual Studio Solution File, Format Version 12.00
# Visual Studio Version 17
VisualStudioVersion = 17.11.35312.102
MinimumVisualStudioVersion = 10.0.40219.1
Project("{9A19103F-16F7-4668-BE54-9A1E7A4F7556}") = "RunGroop", "RunGroop.csproj", "{4AF3700A-CC44-497B-AC06-82D7D4C8C78B}"
EndProject
Global
	GlobalSection(SolutionConfigurationPlatforms) = preSolution
		Debug|Any CPU = Debug|Any CPU
		Release|Any CPU = Release|Any CPU
	EndGlobalSection
	GlobalSection(ProjectConfigurationPlatforms) = postSolution
		{4AF3700A-CC44-497B-AC06-82D7D4C8C78B}.Debug|Any CPU.ActiveCfg = Debug|Any CPU
		{4AF3700A-CC44-497B-AC06-82D7D4C8C78B}.Debug|Any CPU.Build.0 = Debug|Any CPU
		{4AF3700A-CC44-497B-AC06-82D7D4C8C78B}.Release|Any CPU.ActiveCfg = Release|Any CPU
		{4AF3700A-CC44-497B-AC06-82D7D4C8C78B}.Release|Any CPU.Build.0 = Release|Any CPU
	EndGlobalSection
	GlobalSection(SolutionProperties) = preSolution
		HideSolutionNode = FALSE
	EndGlobalSection
	GlobalSection(ExtensibilityGlobals) = postSolution
		SolutionGuid = {9B9BB760-CA44-4D40-B62A-1D009D4CE16C}
	EndGlobalSection
EndGlobal
